
Microsoft Visual Studio Solution File, Format Version 12.00
# Visual Studio 15
VisualStudioVersion = 15.0.28307.1500
MinimumVisualStudioVersion = 10.0.40219.1
Project("{FAE04EC0-301F-11D3-BF4B-00C04F79EFBC}") = "bcsMPP.Core", "bcsMPP.Core\bcsMPP.Core.csproj", "{252D2BD3-05D4-4B45-8148-6497AC52D35F}"
EndProject
Project("{FAE04EC0-301F-11D3-BF4B-00C04F79EFBC}") = "bcsMPP.CoreTests", "bcsMPP.CoreTests\bcsMPP.CoreTests.csproj", "{BBBDAEB4-C646-4763-AC3A-FAA0094AD7E5}"
EndProject
Global
	GlobalSection(SolutionConfigurationPlatforms) = preSolution
		Debug|Any CPU = Debug|Any CPU
		Release|Any CPU = Release|Any CPU
	EndGlobalSection
	GlobalSection(ProjectConfigurationPlatforms) = postSolution
		{252D2BD3-05D4-4B45-8148-6497AC52D35F}.Debug|Any CPU.ActiveCfg = Debug|Any CPU
		{252D2BD3-05D4-4B45-8148-6497AC52D35F}.Debug|Any CPU.Build.0 = Debug|Any CPU
		{252D2BD3-05D4-4B45-8148-6497AC52D35F}.Release|Any CPU.ActiveCfg = Release|Any CPU
		{252D2BD3-05D4-4B45-8148-6497AC52D35F}.Release|Any CPU.Build.0 = Release|Any CPU
		{BBBDAEB4-C646-4763-AC3A-FAA0094AD7E5}.Debug|Any CPU.ActiveCfg = Debug|Any CPU
		{BBBDAEB4-C646-4763-AC3A-FAA0094AD7E5}.Debug|Any CPU.Build.0 = Debug|Any CPU
		{BBBDAEB4-C646-4763-AC3A-FAA0094AD7E5}.Release|Any CPU.ActiveCfg = Release|Any CPU
		{BBBDAEB4-C646-4763-AC3A-FAA0094AD7E5}.Release|Any CPU.Build.0 = Release|Any CPU
	EndGlobalSection
	GlobalSection(SolutionProperties) = preSolution
		HideSolutionNode = FALSE
	EndGlobalSection
	GlobalSection(ExtensibilityGlobals) = postSolution
		SolutionGuid = {D4FBE023-E8E6-47BD-9771-F3F476589EC9}
	EndGlobalSection
EndGlobal
